
Microsoft Visual Studio Solution File, Format Version 12.00
# Visual Studio Version 17
VisualStudioVersion = 17.7.34009.444
MinimumVisualStudioVersion = 10.0.40219.1
Project("{8BC9CEB8-8B4A-11D0-8D11-00A0C91BC942}") = "InitSocket", "InitSocket.vcxproj", "{2CE26BC1-8336-4D92-AC8B-3C2EA7B71FFC}"
EndProject
Global
	GlobalSection(SolutionConfigurationPlatforms) = preSolution
		Debug|x64 = Debug|x64
		Debug|x86 = Debug|x86
		Release|x64 = Release|x64
		Release|x86 = Release|x86
	EndGlobalSection
	GlobalSection(ProjectConfigurationPlatforms) = postSolution
		{2CE26BC1-8336-4D92-AC8B-3C2EA7B71FFC}.Debug|x64.ActiveCfg = Debug|x64
		{2CE26BC1-8336-4D92-AC8B-3C2EA7B71FFC}.Debug|x64.Build.0 = Debug|x64
		{2CE26BC1-8336-4D92-AC8B-3C2EA7B71FFC}.Debug|x86.ActiveCfg = Debug|Win32
		{2CE26BC1-8336-4D92-AC8B-3C2EA7B71FFC}.Debug|x86.Build.0 = Debug|Win32
		{2CE26BC1-8336-4D92-AC8B-3C2EA7B71FFC}.Release|x64.ActiveCfg = Release|x64
		{2CE26BC1-8336-4D92-AC8B-3C2EA7B71FFC}.Release|x64.Build.0 = Release|x64
		{2CE26BC1-8336-4D92-AC8B-3C2EA7B71FFC}.Release|x86.ActiveCfg = Release|Win32
		{2CE26BC1-8336-4D92-AC8B-3C2EA7B71FFC}.Release|x86.Build.0 = Release|Win32
	EndGlobalSection
	GlobalSection(SolutionProperties) = preSolution
		HideSolutionNode = FALSE
	EndGlobalSection
	GlobalSection(ExtensibilityGlobals) = postSolution
		SolutionGuid = {739048A0-4B5A-45BC-8204-2AD95E4BA7F7}
	EndGlobalSection
EndGlobal
